<Solution>
  <Folder Name="/LessonParser/">
    <File Path="main/file_manager.py" />
    <File Path="main/gui.py" />
    <File Path="main/lesson.py" />
    <File Path="main/lessons.txt" />
    <File Path="main/lesson_parser.py" />
    <File Path="main/main.py" />
    <File Path="main/validator.py" />
  </Folder>
</Solution>
